<Solution>
  <Project Path="CasosUso/CasosUso.csproj" Id="839f161c-3729-41fa-9c9e-840fc9b0eeda" />
  <Project Path="Excepciones/Excepciones.csproj" />
  <Project Path="LogicaAccesoDatos/LogicaAccesoDatos.csproj" />
  <Project Path="LogicaAplicacion/LogicaAplicacion.csproj" />
  <Project Path="LogicaNegocio/LogicaNegocio.csproj" />
  <Project Path="Presentacion/Presentacion.csproj" />
</Solution>
